
Microsoft Visual Studio Solution File, Format Version 12.00
# Visual Studio Version 17
VisualStudioVersion = 17.0.32112.339
MinimumVisualStudioVersion = 10.0.40219.1
Project("{9A19103F-16F7-4668-BE54-9A1E7A4F7556}") = "ToDoReminder.Share", "ToDoReminder.Share\ToDoReminder.Share.csproj", "{9077C4A5-69F7-49FD-8C05-391974239D81}"
EndProject
Project("{FAE04EC0-301F-11D3-BF4B-00C04F79EFBC}") = "ToDoReminder.Client", "ToDoReminder.Client\ToDoReminder.Client.csproj", "{DEAC3AD1-2250-4B41-AC90-BAE8D5DFAD73}"
EndProject
Project("{FAE04EC0-301F-11D3-BF4B-00C04F79EFBC}") = "ToDoReminder.Server", "ToDoReminder.Server\ToDoReminder.Server.csproj", "{0D476714-554F-4F28-B2B6-69B27457E276}"
EndProject
Project("{2150E333-8FDC-42A3-9474-1A3956D46DE8}") = "Solution Items", "Solution Items", "{78D4745C-52AE-4A57-8C3D-65BAA187E0AD}"
	ProjectSection(SolutionItems) = preProject
		.editorconfig = .editorconfig
	EndProjectSection
EndProject
Global
	GlobalSection(SolutionConfigurationPlatforms) = preSolution
		Debug|Any CPU = Debug|Any CPU
		Release|Any CPU = Release|Any CPU
	EndGlobalSection
	GlobalSection(ProjectConfigurationPlatforms) = postSolution
		{9077C4A5-69F7-49FD-8C05-391974239D81}.Debug|Any CPU.ActiveCfg = Debug|Any CPU
		{9077C4A5-69F7-49FD-8C05-391974239D81}.Debug|Any CPU.Build.0 = Debug|Any CPU
		{9077C4A5-69F7-49FD-8C05-391974239D81}.Release|Any CPU.ActiveCfg = Release|Any CPU
		{9077C4A5-69F7-49FD-8C05-391974239D81}.Release|Any CPU.Build.0 = Release|Any CPU
		{DEAC3AD1-2250-4B41-AC90-BAE8D5DFAD73}.Debug|Any CPU.ActiveCfg = Debug|Any CPU
		{DEAC3AD1-2250-4B41-AC90-BAE8D5DFAD73}.Debug|Any CPU.Build.0 = Debug|Any CPU
		{DEAC3AD1-2250-4B41-AC90-BAE8D5DFAD73}.Release|Any CPU.ActiveCfg = Release|Any CPU
		{DEAC3AD1-2250-4B41-AC90-BAE8D5DFAD73}.Release|Any CPU.Build.0 = Release|Any CPU
		{0D476714-554F-4F28-B2B6-69B27457E276}.Debug|Any CPU.ActiveCfg = Debug|Any CPU
		{0D476714-554F-4F28-B2B6-69B27457E276}.Debug|Any CPU.Build.0 = Debug|Any CPU
		{0D476714-554F-4F28-B2B6-69B27457E276}.Release|Any CPU.ActiveCfg = Release|Any CPU
		{0D476714-554F-4F28-B2B6-69B27457E276}.Release|Any CPU.Build.0 = Release|Any CPU
	EndGlobalSection
	GlobalSection(SolutionProperties) = preSolution
		HideSolutionNode = FALSE
	EndGlobalSection
	GlobalSection(ExtensibilityGlobals) = postSolution
		SolutionGuid = {C1BAAD1B-3E64-4376-9A7D-1253D429BAEC}
	EndGlobalSection
EndGlobal
